
Microsoft Visual Studio Solution File, Format Version 12.00
# Visual Studio 15
VisualStudioVersion = 15.0.27703.2042
MinimumVisualStudioVersion = 10.0.40219.1
Project("{FAE04EC0-301F-11D3-BF4B-00C04F79EFBC}") = "BotApplication", "BotApplication\BotApplication.csproj", "{1EE696C4-92A2-479B-9AC5-4D41E8FCA209}"
EndProject
Global
	GlobalSection(SolutionConfigurationPlatforms) = preSolution
		Debug|Any CPU = Debug|Any CPU
		Release|Any CPU = Release|Any CPU
	EndGlobalSection
	GlobalSection(ProjectConfigurationPlatforms) = postSolution
		{1EE696C4-92A2-479B-9AC5-4D41E8FCA209}.Debug|Any CPU.ActiveCfg = Debug|Any CPU
		{1EE696C4-92A2-479B-9AC5-4D41E8FCA209}.Debug|Any CPU.Build.0 = Debug|Any CPU
		{1EE696C4-92A2-479B-9AC5-4D41E8FCA209}.Release|Any CPU.ActiveCfg = Release|Any CPU
		{1EE696C4-92A2-479B-9AC5-4D41E8FCA209}.Release|Any CPU.Build.0 = Release|Any CPU
	EndGlobalSection
	GlobalSection(SolutionProperties) = preSolution
		HideSolutionNode = FALSE
	EndGlobalSection
	GlobalSection(ExtensibilityGlobals) = postSolution
		SolutionGuid = {50152E44-DD44-4AE7-B9C8-88B63BC03A4F}
	EndGlobalSection
EndGlobal
